
Microsoft Visual Studio Solution File, Format Version 12.00
# Visual Studio 15
VisualStudioVersion = 15.0.27004.2009
MinimumVisualStudioVersion = 10.0.40219.1
Project("{FAE04EC0-301F-11D3-BF4B-00C04F79EFBC}") = "DotIntrospection", "DotIntrospection\DotIntrospection.csproj", "{0AEEB8F5-0D00-4950-B087-160FABDCBF44}"
EndProject
Project("{FAE04EC0-301F-11D3-BF4B-00C04F79EFBC}") = "DotIntrospection.Console", "DotIntrospection.Console\DotIntrospection.Console.csproj", "{49C73F44-D0E3-4F2D-AD1A-7555E5DA7F19}"
EndProject
Global
	GlobalSection(SolutionConfigurationPlatforms) = preSolution
		Debug|Any CPU = Debug|Any CPU
		Release|Any CPU = Release|Any CPU
	EndGlobalSection
	GlobalSection(ProjectConfigurationPlatforms) = postSolution
		{0AEEB8F5-0D00-4950-B087-160FABDCBF44}.Debug|Any CPU.ActiveCfg = Debug|Any CPU
		{0AEEB8F5-0D00-4950-B087-160FABDCBF44}.Debug|Any CPU.Build.0 = Debug|Any CPU
		{0AEEB8F5-0D00-4950-B087-160FABDCBF44}.Release|Any CPU.ActiveCfg = Release|Any CPU
		{0AEEB8F5-0D00-4950-B087-160FABDCBF44}.Release|Any CPU.Build.0 = Release|Any CPU
		{49C73F44-D0E3-4F2D-AD1A-7555E5DA7F19}.Debug|Any CPU.ActiveCfg = Debug|Any CPU
		{49C73F44-D0E3-4F2D-AD1A-7555E5DA7F19}.Debug|Any CPU.Build.0 = Debug|Any CPU
		{49C73F44-D0E3-4F2D-AD1A-7555E5DA7F19}.Release|Any CPU.ActiveCfg = Release|Any CPU
		{49C73F44-D0E3-4F2D-AD1A-7555E5DA7F19}.Release|Any CPU.Build.0 = Release|Any CPU
	EndGlobalSection
	GlobalSection(SolutionProperties) = preSolution
		HideSolutionNode = FALSE
	EndGlobalSection
	GlobalSection(ExtensibilityGlobals) = postSolution
		SolutionGuid = {A8166FBB-24CC-4334-B5FC-48DF21A37096}
	EndGlobalSection
EndGlobal
